
Microsoft Visual Studio Solution File, Format Version 12.00
# Visual Studio Version 16
VisualStudioVersion = 16.0.31129.286
MinimumVisualStudioVersion = 10.0.40219.1
Project("{FAE04EC0-301F-11D3-BF4B-00C04F79EFBC}") = "Cria", "Cria.csproj", "{DA964555-16D9-4BCD-8F83-382801AE960F}"
EndProject
Global
	GlobalSection(SolutionConfigurationPlatforms) = preSolution
		Debug|Any CPU = Debug|Any CPU
		Release|Any CPU = Release|Any CPU
	EndGlobalSection
	GlobalSection(ProjectConfigurationPlatforms) = postSolution
		{DA964555-16D9-4BCD-8F83-382801AE960F}.Debug|Any CPU.ActiveCfg = Debug|Any CPU
		{DA964555-16D9-4BCD-8F83-382801AE960F}.Debug|Any CPU.Build.0 = Debug|Any CPU
		{DA964555-16D9-4BCD-8F83-382801AE960F}.Release|Any CPU.ActiveCfg = Release|Any CPU
		{DA964555-16D9-4BCD-8F83-382801AE960F}.Release|Any CPU.Build.0 = Release|Any CPU
	EndGlobalSection
	GlobalSection(SolutionProperties) = preSolution
		HideSolutionNode = FALSE
	EndGlobalSection
	GlobalSection(ExtensibilityGlobals) = postSolution
		SolutionGuid = {2B05EDEF-698C-4418-9858-259F604243D4}
	EndGlobalSection
EndGlobal
